
Microsoft Visual Studio Solution File, Format Version 12.00
# Visual Studio Version 17
VisualStudioVersion = 17.3.32929.385
MinimumVisualStudioVersion = 10.0.40219.1
Project("{FAE04EC0-301F-11D3-BF4B-00C04F79EFBC}") = "MyMod", "MyMod\MyMod.csproj", "{9DEF5A45-6397-44EB-B623-33BD98247D1C}"
EndProject
Global
	GlobalSection(SolutionConfigurationPlatforms) = preSolution
		Debug|Any CPU = Debug|Any CPU
		Release|Any CPU = Release|Any CPU
	EndGlobalSection
	GlobalSection(ProjectConfigurationPlatforms) = postSolution
		{9DEF5A45-6397-44EB-B623-33BD98247D1C}.Debug|Any CPU.ActiveCfg = Debug|Any CPU
		{9DEF5A45-6397-44EB-B623-33BD98247D1C}.Debug|Any CPU.Build.0 = Debug|Any CPU
		{9DEF5A45-6397-44EB-B623-33BD98247D1C}.Release|Any CPU.ActiveCfg = Release|Any CPU
		{9DEF5A45-6397-44EB-B623-33BD98247D1C}.Release|Any CPU.Build.0 = Release|Any CPU
	EndGlobalSection
	GlobalSection(SolutionProperties) = preSolution
		HideSolutionNode = FALSE
	EndGlobalSection
	GlobalSection(ExtensibilityGlobals) = postSolution
		SolutionGuid = {4C90D241-E368-4C30-AE5F-07D086F055E4}
	EndGlobalSection
EndGlobal
